// !$*UTF8*$!
{
	archiveVersion = 1;
	classes = {
	};
	objectVersion = 50;
	objects = {

/* Begin PBXBuildFile section */
		650D5E5423F3E6AE00F82366 /* AppDelegate.swift in Sources */ = {isa = PBXBuildFile; fileRef = 650D5E5323F3E6AE00F82366 /* AppDelegate.swift */; };
		650D5E5623F3E6AE00F82366 /* SceneDelegate.swift in Sources */ = {isa = PBXBuildFile; fileRef = 650D5E5523F3E6AE00F82366 /* SceneDelegate.swift */; };
		650D5E5823F3E6AE00F82366 /* ContentView.swift in Sources */ = {isa = PBXBuildFile; fileRef = 650D5E5723F3E6AE00F82366 /* ContentView.swift */; };
		650D5E5A23F3E6AF00F82366 /* Assets.xcassets in Resources */ = {isa = PBXBuildFile; fileRef = 650D5E5923F3E6AF00F82366 /* Assets.xcassets */; };
		650D5E5D23F3E6AF00F82366 /* Preview Assets.xcassets in Resources */ = {isa = PBXBuildFile; fileRef = 650D5E5C23F3E6AF00F82366 /* Preview Assets.xcassets */; };
		650D5E6023F3E6AF00F82366 /* LaunchScreen.storyboard in Resources */ = {isa = PBXBuildFile; fileRef = 650D5E5E23F3E6AF00F82366 /* LaunchScreen.storyboard */; };
		6577233323F561790009F631 /* Project5.swift in Sources */ = {isa = PBXBuildFile; fileRef = 6577233223F561790009F631 /* Project5.swift */; };
		6577233523F566DA0009F631 /* start.txt in Resources */ = {isa = PBXBuildFile; fileRef = 6577233423F566DA0009F631 /* start.txt */; };
		6577233823F5719E0009F631 /* Project6.swift in Sources */ = {isa = PBXBuildFile; fileRef = 6577233723F5719E0009F631 /* Project6.swift */; };
		6586E99223F4092700F85636 /* Project1.swift in Sources */ = {isa = PBXBuildFile; fileRef = 6586E99123F4092700F85636 /* Project1.swift */; };
		659E253723FD2DB5004B6E74 /* Project8.swift in Sources */ = {isa = PBXBuildFile; fileRef = 659E253623FD2DB5004B6E74 /* Project8.swift */; };
		659E253A23FD2E2B004B6E74 /* astronauts.json in Resources */ = {isa = PBXBuildFile; fileRef = 659E253823FD2E2B004B6E74 /* astronauts.json */; };
		659E253B23FD2E2B004B6E74 /* missions.json in Resources */ = {isa = PBXBuildFile; fileRef = 659E253923FD2E2B004B6E74 /* missions.json */; };
		659E253D23FD2F25004B6E74 /* Astronaut.swift in Sources */ = {isa = PBXBuildFile; fileRef = 659E253C23FD2F25004B6E74 /* Astronaut.swift */; };
		659E253F23FD3011004B6E74 /* Bundle-Decodable.swift in Sources */ = {isa = PBXBuildFile; fileRef = 659E253E23FD3011004B6E74 /* Bundle-Decodable.swift */; };
		659E254123FD31A7004B6E74 /* Mission.swift in Sources */ = {isa = PBXBuildFile; fileRef = 659E254023FD31A7004B6E74 /* Mission.swift */; };
		659E254323FD4091004B6E74 /* DetailMission.swift in Sources */ = {isa = PBXBuildFile; fileRef = 659E254223FD4091004B6E74 /* DetailMission.swift */; };
		659E254523FD4B77004B6E74 /* DetailAstronaut.swift in Sources */ = {isa = PBXBuildFile; fileRef = 659E254423FD4B77004B6E74 /* DetailAstronaut.swift */; };
		659E254823FD65BE004B6E74 /* Project9.swift in Sources */ = {isa = PBXBuildFile; fileRef = 659E254723FD65BE004B6E74 /* Project9.swift */; };
		65A813E423F40F0C0045ACD2 /* Project2.swift in Sources */ = {isa = PBXBuildFile; fileRef = 65A813E323F40F0C0045ACD2 /* Project2.swift */; };
		65A813E723F4288D0045ACD2 /* Project3.swift in Sources */ = {isa = PBXBuildFile; fileRef = 65A813E623F4288D0045ACD2 /* Project3.swift */; };
		65A813E923F428EA0045ACD2 /* CapsuleText.swift in Sources */ = {isa = PBXBuildFile; fileRef = 65A813E823F428EA0045ACD2 /* CapsuleText.swift */; };
		65A813EB23F42B9E0045ACD2 /* TitleModifier.swift in Sources */ = {isa = PBXBuildFile; fileRef = 65A813EA23F42B9E0045ACD2 /* TitleModifier.swift */; };
		65A813EE23F446570045ACD2 /* Project4.swift in Sources */ = {isa = PBXBuildFile; fileRef = 65A813ED23F446570045ACD2 /* Project4.swift */; };
		65A813F023F44D130045ACD2 /* SleepCalculator.mlmodel in Sources */ = {isa = PBXBuildFile; fileRef = 65A813EF23F44D130045ACD2 /* SleepCalculator.mlmodel */; };
		65ABDAF923F6880600755972 /* Project7.swift in Sources */ = {isa = PBXBuildFile; fileRef = 65ABDAF823F6880600755972 /* Project7.swift */; };
		65ABDAFB23F6903300755972 /* UserClass.swift in Sources */ = {isa = PBXBuildFile; fileRef = 65ABDAFA23F6903300755972 /* UserClass.swift */; };
		65ABDAFD23F6909500755972 /* UserStruct.swift in Sources */ = {isa = PBXBuildFile; fileRef = 65ABDAFC23F6909500755972 /* UserStruct.swift */; };
		65ABDAFF23F6917000755972 /* ExampleClassStruct.swift in Sources */ = {isa = PBXBuildFile; fileRef = 65ABDAFE23F6917000755972 /* ExampleClassStruct.swift */; };
		65ABDB0223F6930400755972 /* ExpenseItem.swift in Sources */ = {isa = PBXBuildFile; fileRef = 65ABDB0123F6930400755972 /* ExpenseItem.swift */; };
		65ABDB0423F6939F00755972 /* Expenses.swift in Sources */ = {isa = PBXBuildFile; fileRef = 65ABDB0323F6939F00755972 /* Expenses.swift */; };
		65ABDB0623F698CC00755972 /* AddExpense.swift in Sources */ = {isa = PBXBuildFile; fileRef = 65ABDB0523F698CC00755972 /* AddExpense.swift */; };
		65BB596E23F59C10003DA05E /* AnimationGesture.swift in Sources */ = {isa = PBXBuildFile; fileRef = 65BB596D23F59C10003DA05E /* AnimationGesture.swift */; };
		65BB597023F59E04003DA05E /* AnimationTransition.swift in Sources */ = {isa = PBXBuildFile; fileRef = 65BB596F23F59E04003DA05E /* AnimationTransition.swift */; };
/* End PBXBuildFile section */

/* Begin PBXFileReference section */
		650D5E5023F3E6AE00F82366 /* WeSplit.app */ = {isa = PBXFileReference; explicitFileType = wrapper.application; includeInIndex = 0; path = WeSplit.app; sourceTree = BUILT_PRODUCTS_DIR; };
		650D5E5323F3E6AE00F82366 /* AppDelegate.swift */ = {isa = PBXFileReference; lastKnownFileType = sourcecode.swift; path = AppDelegate.swift; sourceTree = "<group>"; };
		650D5E5523F3E6AE00F82366 /* SceneDelegate.swift */ = {isa = PBXFileReference; lastKnownFileType = sourcecode.swift; path = SceneDelegate.swift; sourceTree = "<group>"; };
		650D5E5723F3E6AE00F82366 /* ContentView.swift */ = {isa = PBXFileReference; lastKnownFileType = sourcecode.swift; path = ContentView.swift; sourceTree = "<group>"; };
		650D5E5923F3E6AF00F82366 /* Assets.xcassets */ = {isa = PBXFileReference; lastKnownFileType = folder.assetcatalog; path = Assets.xcassets; sourceTree = "<group>"; };
		650D5E5C23F3E6AF00F82366 /* Preview Assets.xcassets */ = {isa = PBXFileReference; lastKnownFileType = folder.assetcatalog; path = "Preview Assets.xcassets"; sourceTree = "<group>"; };
		650D5E5F23F3E6AF00F82366 /* Base */ = {isa = PBXFileReference; lastKnownFileType = file.storyboard; name = Base; path = Base.lproj/LaunchScreen.storyboard; sourceTree = "<group>"; };
		650D5E6123F3E6AF00F82366 /* Info.plist */ = {isa = PBXFileReference; lastKnownFileType = text.plist.xml; path = Info.plist; sourceTree = "<group>"; };
		6577233223F561790009F631 /* Project5.swift */ = {isa = PBXFileReference; lastKnownFileType = sourcecode.swift; path = Project5.swift; sourceTree = "<group>"; };
		6577233423F566DA0009F631 /* start.txt */ = {isa = PBXFileReference; fileEncoding = 4; lastKnownFileType = text; path = start.txt; sourceTree = "<group>"; };
		6577233723F5719E0009F631 /* Project6.swift */ = {isa = PBXFileReference; lastKnownFileType = sourcecode.swift; path = Project6.swift; sourceTree = "<group>"; };
		6586E99123F4092700F85636 /* Project1.swift */ = {isa = PBXFileReference; lastKnownFileType = sourcecode.swift; path = Project1.swift; sourceTree = "<group>"; };
		659E253623FD2DB5004B6E74 /* Project8.swift */ = {isa = PBXFileReference; lastKnownFileType = sourcecode.swift; path = Project8.swift; sourceTree = "<group>"; };
		659E253823FD2E2B004B6E74 /* astronauts.json */ = {isa = PBXFileReference; fileEncoding = 4; lastKnownFileType = text.json; path = astronauts.json; sourceTree = "<group>"; };
		659E253923FD2E2B004B6E74 /* missions.json */ = {isa = PBXFileReference; fileEncoding = 4; lastKnownFileType = text.json; path = missions.json; sourceTree = "<group>"; };
		659E253C23FD2F25004B6E74 /* Astronaut.swift */ = {isa = PBXFileReference; lastKnownFileType = sourcecode.swift; path = Astronaut.swift; sourceTree = "<group>"; };
		659E253E23FD3011004B6E74 /* Bundle-Decodable.swift */ = {isa = PBXFileReference; lastKnownFileType = sourcecode.swift; path = "Bundle-Decodable.swift"; sourceTree = "<group>"; };
		659E254023FD31A7004B6E74 /* Mission.swift */ = {isa = PBXFileReference; lastKnownFileType = sourcecode.swift; path = Mission.swift; sourceTree = "<group>"; };
		659E254223FD4091004B6E74 /* DetailMission.swift */ = {isa = PBXFileReference; lastKnownFileType = sourcecode.swift; path = DetailMission.swift; sourceTree = "<group>"; };
		659E254423FD4B77004B6E74 /* DetailAstronaut.swift */ = {isa = PBXFileReference; lastKnownFileType = sourcecode.swift; path = DetailAstronaut.swift; sourceTree = "<group>"; };
		659E254723FD65BE004B6E74 /* Project9.swift */ = {isa = PBXFileReference; lastKnownFileType = sourcecode.swift; path = Project9.swift; sourceTree = "<group>"; };
		65A813E323F40F0C0045ACD2 /* Project2.swift */ = {isa = PBXFileReference; lastKnownFileType = sourcecode.swift; path = Project2.swift; sourceTree = "<group>"; };
		65A813E623F4288D0045ACD2 /* Project3.swift */ = {isa = PBXFileReference; lastKnownFileType = sourcecode.swift; path = Project3.swift; sourceTree = "<group>"; };
		65A813E823F428EA0045ACD2 /* CapsuleText.swift */ = {isa = PBXFileReference; lastKnownFileType = sourcecode.swift; path = CapsuleText.swift; sourceTree = "<group>"; };
		65A813EA23F42B9E0045ACD2 /* TitleModifier.swift */ = {isa = PBXFileReference; lastKnownFileType = sourcecode.swift; path = TitleModifier.swift; sourceTree = "<group>"; };
		65A813ED23F446570045ACD2 /* Project4.swift */ = {isa = PBXFileReference; lastKnownFileType = sourcecode.swift; path = Project4.swift; sourceTree = "<group>"; };
		65A813EF23F44D130045ACD2 /* SleepCalculator.mlmodel */ = {isa = PBXFileReference; lastKnownFileType = file.mlmodel; path = SleepCalculator.mlmodel; sourceTree = "<group>"; };
		65ABDAF823F6880600755972 /* Project7.swift */ = {isa = PBXFileReference; lastKnownFileType = sourcecode.swift; path = Project7.swift; sourceTree = "<group>"; };
		65ABDAFA23F6903300755972 /* UserClass.swift */ = {isa = PBXFileReference; lastKnownFileType = sourcecode.swift; path = UserClass.swift; sourceTree = "<group>"; };
		65ABDAFC23F6909500755972 /* UserStruct.swift */ = {isa = PBXFileReference; lastKnownFileType = sourcecode.swift; path = UserStruct.swift; sourceTree = "<group>"; };
		65ABDAFE23F6917000755972 /* ExampleClassStruct.swift */ = {isa = PBXFileReference; lastKnownFileType = sourcecode.swift; path = ExampleClassStruct.swift; sourceTree = "<group>"; };
		65ABDB0123F6930400755972 /* ExpenseItem.swift */ = {isa = PBXFileReference; lastKnownFileType = sourcecode.swift; path = ExpenseItem.swift; sourceTree = "<group>"; };
		65ABDB0323F6939F00755972 /* Expenses.swift */ = {isa = PBXFileReference; lastKnownFileType = sourcecode.swift; path = Expenses.swift; sourceTree = "<group>"; };
		65ABDB0523F698CC00755972 /* AddExpense.swift */ = {isa = PBXFileReference; lastKnownFileType = sourcecode.swift; path = AddExpense.swift; sourceTree = "<group>"; };
		65BB596D23F59C10003DA05E /* AnimationGesture.swift */ = {isa = PBXFileReference; lastKnownFileType = sourcecode.swift; path = AnimationGesture.swift; sourceTree = "<group>"; };
		65BB596F23F59E04003DA05E /* AnimationTransition.swift */ = {isa = PBXFileReference; lastKnownFileType = sourcecode.swift; path = AnimationTransition.swift; sourceTree = "<group>"; };
/* End PBXFileReference section */

/* Begin PBXFrameworksBuildPhase section */
		650D5E4D23F3E6AE00F82366 /* Frameworks */ = {
			isa = PBXFrameworksBuildPhase;
			buildActionMask = 2147483647;
			files = (
			);
			runOnlyForDeploymentPostprocessing = 0;
		};
/* End PBXFrameworksBuildPhase section */

/* Begin PBXGroup section */
		650D5E4723F3E6AE00F82366 = {
			isa = PBXGroup;
			children = (
				650D5E5223F3E6AE00F82366 /* WeSplit */,
				650D5E5123F3E6AE00F82366 /* Products */,
			);
			sourceTree = "<group>";
		};
		650D5E5123F3E6AE00F82366 /* Products */ = {
			isa = PBXGroup;
			children = (
				650D5E5023F3E6AE00F82366 /* WeSplit.app */,
			);
			name = Products;
			sourceTree = "<group>";
		};
		650D5E5223F3E6AE00F82366 /* WeSplit */ = {
			isa = PBXGroup;
			children = (
				659E254623FD65AC004B6E74 /* Project9 */,
				659E253523FD2DA0004B6E74 /* Project8 */,
				65ABDAF723F687F000755972 /* Project7 */,
				6577233623F5718B0009F631 /* Project6 */,
				6577233123F561580009F631 /* Project5 */,
				65A813EC23F446410045ACD2 /* Project4 */,
				65A813E523F428590045ACD2 /* Project3 */,
				65A813E223F40EEF0045ACD2 /* Project2 */,
				6586E99023F4090300F85636 /* Project1 */,
				650D5E5323F3E6AE00F82366 /* AppDelegate.swift */,
				650D5E5523F3E6AE00F82366 /* SceneDelegate.swift */,
				650D5E5723F3E6AE00F82366 /* ContentView.swift */,
				650D5E5923F3E6AF00F82366 /* Assets.xcassets */,
				650D5E5E23F3E6AF00F82366 /* LaunchScreen.storyboard */,
				650D5E6123F3E6AF00F82366 /* Info.plist */,
				65A813EF23F44D130045ACD2 /* SleepCalculator.mlmodel */,
				650D5E5B23F3E6AF00F82366 /* Preview Content */,
			);
			path = WeSplit;
			sourceTree = "<group>";
		};
		650D5E5B23F3E6AF00F82366 /* Preview Content */ = {
			isa = PBXGroup;
			children = (
				650D5E5C23F3E6AF00F82366 /* Preview Assets.xcassets */,
			);
			path = "Preview Content";
			sourceTree = "<group>";
		};
		6577233123F561580009F631 /* Project5 */ = {
			isa = PBXGroup;
			children = (
				6577233223F561790009F631 /* Project5.swift */,
				6577233423F566DA0009F631 /* start.txt */,
			);
			path = Project5;
			sourceTree = "<group>";
		};
		6577233623F5718B0009F631 /* Project6 */ = {
			isa = PBXGroup;
			children = (
				6577233723F5719E0009F631 /* Project6.swift */,
				65BB596D23F59C10003DA05E /* AnimationGesture.swift */,
				65BB596F23F59E04003DA05E /* AnimationTransition.swift */,
			);
			path = Project6;
			sourceTree = "<group>";
		};
		6586E99023F4090300F85636 /* Project1 */ = {
			isa = PBXGroup;
			children = (
				6586E99123F4092700F85636 /* Project1.swift */,
			);
			path = Project1;
			sourceTree = "<group>";
		};
		659E253523FD2DA0004B6E74 /* Project8 */ = {
			isa = PBXGroup;
			children = (
				659E253623FD2DB5004B6E74 /* Project8.swift */,
				659E254223FD4091004B6E74 /* DetailMission.swift */,
				659E254423FD4B77004B6E74 /* DetailAstronaut.swift */,
				659E253823FD2E2B004B6E74 /* astronauts.json */,
				659E253923FD2E2B004B6E74 /* missions.json */,
				659E253C23FD2F25004B6E74 /* Astronaut.swift */,
				659E254023FD31A7004B6E74 /* Mission.swift */,
				659E253E23FD3011004B6E74 /* Bundle-Decodable.swift */,
			);
			path = Project8;
			sourceTree = "<group>";
		};
		659E254623FD65AC004B6E74 /* Project9 */ = {
			isa = PBXGroup;
			children = (
				659E254723FD65BE004B6E74 /* Project9.swift */,
			);
			path = Project9;
			sourceTree = "<group>";
		};
		65A813E223F40EEF0045ACD2 /* Project2 */ = {
			isa = PBXGroup;
			children = (
				65A813E323F40F0C0045ACD2 /* Project2.swift */,
			);
			path = Project2;
			sourceTree = "<group>";
		};
		65A813E523F428590045ACD2 /* Project3 */ = {
			isa = PBXGroup;
			children = (
				65A813E623F4288D0045ACD2 /* Project3.swift */,
				65A813E823F428EA0045ACD2 /* CapsuleText.swift */,
				65A813EA23F42B9E0045ACD2 /* TitleModifier.swift */,
			);
			path = Project3;
			sourceTree = "<group>";
		};
		65A813EC23F446410045ACD2 /* Project4 */ = {
			isa = PBXGroup;
			children = (
				65A813ED23F446570045ACD2 /* Project4.swift */,
			);
			path = Project4;
			sourceTree = "<group>";
		};
		65ABDAF723F687F000755972 /* Project7 */ = {
			isa = PBXGroup;
			children = (
				65ABDB0023F6929600755972 /* example */,
				65ABDAF823F6880600755972 /* Project7.swift */,
				65ABDB0523F698CC00755972 /* AddExpense.swift */,
				65ABDB0123F6930400755972 /* ExpenseItem.swift */,
				65ABDB0323F6939F00755972 /* Expenses.swift */,
			);
			path = Project7;
			sourceTree = "<group>";
		};
		65ABDB0023F6929600755972 /* example */ = {
			isa = PBXGroup;
			children = (
				65ABDAFA23F6903300755972 /* UserClass.swift */,
				65ABDAFC23F6909500755972 /* UserStruct.swift */,
				65ABDAFE23F6917000755972 /* ExampleClassStruct.swift */,
			);
			path = example;
			sourceTree = "<group>";
		};
/* End PBXGroup section */

/* Begin PBXNativeTarget section */
		650D5E4F23F3E6AE00F82366 /* WeSplit */ = {
			isa = PBXNativeTarget;
			buildConfigurationList = 650D5E6423F3E6AF00F82366 /* Build configuration list for PBXNativeTarget "WeSplit" */;
			buildPhases = (
				650D5E4C23F3E6AE00F82366 /* Sources */,
				650D5E4D23F3E6AE00F82366 /* Frameworks */,
				650D5E4E23F3E6AE00F82366 /* Resources */,
			);
			buildRules = (
			);
			dependencies = (
			);
			name = WeSplit;
			productName = WeSplit;
			productReference = 650D5E5023F3E6AE00F82366 /* WeSplit.app */;
			productType = "com.apple.product-type.application";
		};
/* End PBXNativeTarget section */

/* Begin PBXProject section */
		650D5E4823F3E6AE00F82366 /* Project object */ = {
			isa = PBXProject;
			attributes = {
				LastSwiftUpdateCheck = 1130;
				LastUpgradeCheck = 1130;
				ORGANIZATIONNAME = "Alejandro Vicente Milán";
				TargetAttributes = {
					650D5E4F23F3E6AE00F82366 = {
						CreatedOnToolsVersion = 11.3;
					};
				};
			};
			buildConfigurationList = 650D5E4B23F3E6AE00F82366 /* Build configuration list for PBXProject "WeSplit" */;
			compatibilityVersion = "Xcode 9.3";
			developmentRegion = en;
			hasScannedForEncodings = 0;
			knownRegions = (
				en,
				Base,
			);
			mainGroup = 650D5E4723F3E6AE00F82366;
			productRefGroup = 650D5E5123F3E6AE00F82366 /* Products */;
			projectDirPath = "";
			projectRoot = "";
			targets = (
				650D5E4F23F3E6AE00F82366 /* WeSplit */,
			);
		};
/* End PBXProject section */

/* Begin PBXResourcesBuildPhase section */
		650D5E4E23F3E6AE00F82366 /* Resources */ = {
			isa = PBXResourcesBuildPhase;
			buildActionMask = 2147483647;
			files = (
				650D5E6023F3E6AF00F82366 /* LaunchScreen.storyboard in Resources */,
				6577233523F566DA0009F631 /* start.txt in Resources */,
				650D5E5D23F3E6AF00F82366 /* Preview Assets.xcassets in Resources */,
				659E253A23FD2E2B004B6E74 /* astronauts.json in Resources */,
				659E253B23FD2E2B004B6E74 /* missions.json in Resources */,
				650D5E5A23F3E6AF00F82366 /* Assets.xcassets in Resources */,
			);
			runOnlyForDeploymentPostprocessing = 0;
		};
/* End PBXResourcesBuildPhase section */

/* Begin PBXSourcesBuildPhase section */
		650D5E4C23F3E6AE00F82366 /* Sources */ = {
			isa = PBXSourcesBuildPhase;
			buildActionMask = 2147483647;
			files = (
				65ABDB0623F698CC00755972 /* AddExpense.swift in Sources */,
				65ABDB0423F6939F00755972 /* Expenses.swift in Sources */,
				6577233323F561790009F631 /* Project5.swift in Sources */,
				65BB596E23F59C10003DA05E /* AnimationGesture.swift in Sources */,
				65A813EE23F446570045ACD2 /* Project4.swift in Sources */,
				650D5E5423F3E6AE00F82366 /* AppDelegate.swift in Sources */,
				65A813F023F44D130045ACD2 /* SleepCalculator.mlmodel in Sources */,
				6586E99223F4092700F85636 /* Project1.swift in Sources */,
				659E253D23FD2F25004B6E74 /* Astronaut.swift in Sources */,
				65A813E423F40F0C0045ACD2 /* Project2.swift in Sources */,
				659E254523FD4B77004B6E74 /* DetailAstronaut.swift in Sources */,
				6577233823F5719E0009F631 /* Project6.swift in Sources */,
				659E253F23FD3011004B6E74 /* Bundle-Decodable.swift in Sources */,
				65ABDAFF23F6917000755972 /* ExampleClassStruct.swift in Sources */,
				65A813E723F4288D0045ACD2 /* Project3.swift in Sources */,
				65BB597023F59E04003DA05E /* AnimationTransition.swift in Sources */,
				650D5E5623F3E6AE00F82366 /* SceneDelegate.swift in Sources */,
				659E254823FD65BE004B6E74 /* Project9.swift in Sources */,
				65ABDAFD23F6909500755972 /* UserStruct.swift in Sources */,
				650D5E5823F3E6AE00F82366 /* ContentView.swift in Sources */,
				65ABDAF923F6880600755972 /* Project7.swift in Sources */,
				65ABDB0223F6930400755972 /* ExpenseItem.swift in Sources */,
				65A813E923F428EA0045ACD2 /* CapsuleText.swift in Sources */,
				65A813EB23F42B9E0045ACD2 /* TitleModifier.swift in Sources */,
				659E253723FD2DB5004B6E74 /* Project8.swift in Sources */,
				659E254323FD4091004B6E74 /* DetailMission.swift in Sources */,
				659E254123FD31A7004B6E74 /* Mission.swift in Sources */,
				65ABDAFB23F6903300755972 /* UserClass.swift in Sources */,
			);
			runOnlyForDeploymentPostprocessing = 0;
		};
/* End PBXSourcesBuildPhase section */

/* Begin PBXVariantGroup section */
		650D5E5E23F3E6AF00F82366 /* LaunchScreen.storyboard */ = {
			isa = PBXVariantGroup;
			children = (
				650D5E5F23F3E6AF00F82366 /* Base */,
			);
			name = LaunchScreen.storyboard;
			sourceTree = "<group>";
		};
/* End PBXVariantGroup section */

/* Begin XCBuildConfiguration section */
		650D5E6223F3E6AF00F82366 /* Debug */ = {
			isa = XCBuildConfiguration;
			buildSettings = {
				ALWAYS_SEARCH_USER_PATHS = NO;
				CLANG_ANALYZER_NONNULL = YES;
				CLANG_ANALYZER_NUMBER_OBJECT_CONVERSION = YES_AGGRESSIVE;
				CLANG_CXX_LANGUAGE_STANDARD = "gnu++14";
				CLANG_CXX_LIBRARY = "libc++";
				CLANG_ENABLE_MODULES = YES;
				CLANG_ENABLE_OBJC_ARC = YES;
				CLANG_ENABLE_OBJC_WEAK = YES;
				CLANG_WARN_BLOCK_CAPTURE_AUTORELEASING = YES;
				CLANG_WARN_BOOL_CONVERSION = YES;
				CLANG_WARN_COMMA = YES;
				CLANG_WARN_CONSTANT_CONVERSION = YES;
				CLANG_WARN_DEPRECATED_OBJC_IMPLEMENTATIONS = YES;
				CLANG_WARN_DIRECT_OBJC_ISA_USAGE = YES_ERROR;
				CLANG_WARN_DOCUMENTATION_COMMENTS = YES;
				CLANG_WARN_EMPTY_BODY = YES;
				CLANG_WARN_ENUM_CONVERSION = YES;
				CLANG_WARN_INFINITE_RECURSION = YES;
				CLANG_WARN_INT_CONVERSION = YES;
				CLANG_WARN_NON_LITERAL_NULL_CONVERSION = YES;
				CLANG_WARN_OBJC_IMPLICIT_RETAIN_SELF = YES;
				CLANG_WARN_OBJC_LITERAL_CONVERSION = YES;
				CLANG_WARN_OBJC_ROOT_CLASS = YES_ERROR;
				CLANG_WARN_RANGE_LOOP_ANALYSIS = YES;
				CLANG_WARN_STRICT_PROTOTYPES = YES;
				CLANG_WARN_SUSPICIOUS_MOVE = YES;
				CLANG_WARN_UNGUARDED_AVAILABILITY = YES_AGGRESSIVE;
				CLANG_WARN_UNREACHABLE_CODE = YES;
				CLANG_WARN__DUPLICATE_METHOD_MATCH = YES;
				COPY_PHASE_STRIP = NO;
				DEBUG_INFORMATION_FORMAT = dwarf;
				ENABLE_STRICT_OBJC_MSGSEND = YES;
				ENABLE_TESTABILITY = YES;
				GCC_C_LANGUAGE_STANDARD = gnu11;
				GCC_DYNAMIC_NO_PIC = NO;
				GCC_NO_COMMON_BLOCKS = YES;
				GCC_OPTIMIZATION_LEVEL = 0;
				GCC_PREPROCESSOR_DEFINITIONS = (
					"DEBUG=1",
					"$(inherited)",
				);
				GCC_WARN_64_TO_32_BIT_CONVERSION = YES;
				GCC_WARN_ABOUT_RETURN_TYPE = YES_ERROR;
				GCC_WARN_UNDECLARED_SELECTOR = YES;
				GCC_WARN_UNINITIALIZED_AUTOS = YES_AGGRESSIVE;
				GCC_WARN_UNUSED_FUNCTION = YES;
				GCC_WARN_UNUSED_VARIABLE = YES;
				IPHONEOS_DEPLOYMENT_TARGET = 13.2;
				MTL_ENABLE_DEBUG_INFO = INCLUDE_SOURCE;
				MTL_FAST_MATH = YES;
				ONLY_ACTIVE_ARCH = YES;
				SDKROOT = iphoneos;
				SWIFT_ACTIVE_COMPILATION_CONDITIONS = DEBUG;
				SWIFT_OPTIMIZATION_LEVEL = "-Onone";
			};
			name = Debug;
		};
		650D5E6323F3E6AF00F82366 /* Release */ = {
			isa = XCBuildConfiguration;
			buildSettings = {
				ALWAYS_SEARCH_USER_PATHS = NO;
				CLANG_ANALYZER_NONNULL = YES;
				CLANG_ANALYZER_NUMBER_OBJECT_CONVERSION = YES_AGGRESSIVE;
				CLANG_CXX_LANGUAGE_STANDARD = "gnu++14";
				CLANG_CXX_LIBRARY = "libc++";
				CLANG_ENABLE_MODULES = YES;
				CLANG_ENABLE_OBJC_ARC = YES;
				CLANG_ENABLE_OBJC_WEAK = YES;
				CLANG_WARN_BLOCK_CAPTURE_AUTORELEASING = YES;
				CLANG_WARN_BOOL_CONVERSION = YES;
				CLANG_WARN_COMMA = YES;
				CLANG_WARN_CONSTANT_CONVERSION = YES;
				CLANG_WARN_DEPRECATED_OBJC_IMPLEMENTATIONS = YES;
				CLANG_WARN_DIRECT_OBJC_ISA_USAGE = YES_ERROR;
				CLANG_WARN_DOCUMENTATION_COMMENTS = YES;
				CLANG_WARN_EMPTY_BODY = YES;
				CLANG_WARN_ENUM_CONVERSION = YES;
				CLANG_WARN_INFINITE_RECURSION = YES;
				CLANG_WARN_INT_CONVERSION = YES;
				CLANG_WARN_NON_LITERAL_NULL_CONVERSION = YES;
				CLANG_WARN_OBJC_IMPLICIT_RETAIN_SELF = YES;
				CLANG_WARN_OBJC_LITERAL_CONVERSION = YES;
				CLANG_WARN_OBJC_ROOT_CLASS = YES_ERROR;
				CLANG_WARN_RANGE_LOOP_ANALYSIS = YES;
				CLANG_WARN_STRICT_PROTOTYPES = YES;
				CLANG_WARN_SUSPICIOUS_MOVE = YES;
				CLANG_WARN_UNGUARDED_AVAILABILITY = YES_AGGRESSIVE;
				CLANG_WARN_UNREACHABLE_CODE = YES;
				CLANG_WARN__DUPLICATE_METHOD_MATCH = YES;
				COPY_PHASE_STRIP = NO;
				DEBUG_INFORMATION_FORMAT = "dwarf-with-dsym";
				ENABLE_NS_ASSERTIONS = NO;
				ENABLE_STRICT_OBJC_MSGSEND = YES;
				GCC_C_LANGUAGE_STANDARD = gnu11;
				GCC_NO_COMMON_BLOCKS = YES;
				GCC_WARN_64_TO_32_BIT_CONVERSION = YES;
				GCC_WARN_ABOUT_RETURN_TYPE = YES_ERROR;
				GCC_WARN_UNDECLARED_SELECTOR = YES;
				GCC_WARN_UNINITIALIZED_AUTOS = YES_AGGRESSIVE;
				GCC_WARN_UNUSED_FUNCTION = YES;
				GCC_WARN_UNUSED_VARIABLE = YES;
				IPHONEOS_DEPLOYMENT_TARGET = 13.2;
				MTL_ENABLE_DEBUG_INFO = NO;
				MTL_FAST_MATH = YES;
				SDKROOT = iphoneos;
				SWIFT_COMPILATION_MODE = wholemodule;
				SWIFT_OPTIMIZATION_LEVEL = "-O";
				VALIDATE_PRODUCT = YES;
			};
			name = Release;
		};
		650D5E6523F3E6AF00F82366 /* Debug */ = {
			isa = XCBuildConfiguration;
			buildSettings = {
				ASSETCATALOG_COMPILER_APPICON_NAME = AppIcon;
				CODE_SIGN_STYLE = Automatic;
				DEVELOPMENT_ASSET_PATHS = "\"WeSplit/Preview Content\"";
				DEVELOPMENT_TEAM = 48QX6223UY;
				ENABLE_PREVIEWS = YES;
				INFOPLIST_FILE = WeSplit/Info.plist;
				LD_RUNPATH_SEARCH_PATHS = (
					"$(inherited)",
					"@executable_path/Frameworks",
				);
				PRODUCT_BUNDLE_IDENTIFIER = com.swiftui.WeSplit;
				PRODUCT_NAME = "$(TARGET_NAME)";
				SWIFT_VERSION = 5.0;
				TARGETED_DEVICE_FAMILY = "1,2";
			};
			name = Debug;
		};
		650D5E6623F3E6AF00F82366 /* Release */ = {
			isa = XCBuildConfiguration;
			buildSettings = {
				ASSETCATALOG_COMPILER_APPICON_NAME = AppIcon;
				CODE_SIGN_STYLE = Automatic;
				DEVELOPMENT_ASSET_PATHS = "\"WeSplit/Preview Content\"";
				DEVELOPMENT_TEAM = 48QX6223UY;
				ENABLE_PREVIEWS = YES;
				INFOPLIST_FILE = WeSplit/Info.plist;
				LD_RUNPATH_SEARCH_PATHS = (
					"$(inherited)",
					"@executable_path/Frameworks",
				);
				PRODUCT_BUNDLE_IDENTIFIER = com.swiftui.WeSplit;
				PRODUCT_NAME = "$(TARGET_NAME)";
				SWIFT_VERSION = 5.0;
				TARGETED_DEVICE_FAMILY = "1,2";
			};
			name = Release;
		};
/* End XCBuildConfiguration section */

/* Begin XCConfigurationList section */
		650D5E4B23F3E6AE00F82366 /* Build configuration list for PBXProject "WeSplit" */ = {
			isa = XCConfigurationList;
			buildConfigurations = (
				650D5E6223F3E6AF00F82366 /* Debug */,
				650D5E6323F3E6AF00F82366 /* Release */,
			);
			defaultConfigurationIsVisible = 0;
			defaultConfigurationName = Release;
		};
		650D5E6423F3E6AF00F82366 /* Build configuration list for PBXNativeTarget "WeSplit" */ = {
			isa = XCConfigurationList;
			buildConfigurations = (
				650D5E6523F3E6AF00F82366 /* Debug */,
				650D5E6623F3E6AF00F82366 /* Release */,
			);
			defaultConfigurationIsVisible = 0;
			defaultConfigurationName = Release;
		};
/* End XCConfigurationList section */
	};
	rootObject = 650D5E4823F3E6AE00F82366 /* Project object */;
}
